
Microsoft Visual Studio Solution File, Format Version 12.00
# Visual Studio Version 16
VisualStudioVersion = 16.0.31624.102
MinimumVisualStudioVersion = 10.0.40219.1
Project("{FAE04EC0-301F-11D3-BF4B-00C04F79EFBC}") = "SpecNetDemo", "SpecNetDemo\SpecNetDemo.csproj", "{7FEDEB94-8D9A-4FD3-AD09-0ABF6D7D66E1}"
EndProject
Global
	GlobalSection(SolutionConfigurationPlatforms) = preSolution
		Debug|Any CPU = Debug|Any CPU
		Release|Any CPU = Release|Any CPU
	EndGlobalSection
	GlobalSection(ProjectConfigurationPlatforms) = postSolution
		{7FEDEB94-8D9A-4FD3-AD09-0ABF6D7D66E1}.Debug|Any CPU.ActiveCfg = Debug|Any CPU
		{7FEDEB94-8D9A-4FD3-AD09-0ABF6D7D66E1}.Debug|Any CPU.Build.0 = Debug|Any CPU
		{7FEDEB94-8D9A-4FD3-AD09-0ABF6D7D66E1}.Release|Any CPU.ActiveCfg = Release|Any CPU
		{7FEDEB94-8D9A-4FD3-AD09-0ABF6D7D66E1}.Release|Any CPU.Build.0 = Release|Any CPU
	EndGlobalSection
	GlobalSection(SolutionProperties) = preSolution
		HideSolutionNode = FALSE
	EndGlobalSection
	GlobalSection(ExtensibilityGlobals) = postSolution
		SolutionGuid = {B649CCF1-8402-47E8-B286-29951FD5D3A6}
	EndGlobalSection
EndGlobal
